# This file is automatically @generated by Poetry 1.8.3 and should not be changed by hand.

[[package]]
name = "aioquic"
version = "1.2.0"
description = "An implementation of QUIC and HTTP/3"
optional = false
python-versions = ">=3.8"
files = [
    {file = "aioquic-1.2.0-cp38-abi3-macosx_10_9_x86_64.whl", hash = "sha256:3e23964dfb04526ade6e66f5b7cd0c830421b8138303ab60ba6e204015e7cb0b"},
    {file = "aioquic-1.2.0-cp38-abi3-macosx_11_0_arm64.whl", hash = "sha256:84d733332927b76218a3b246216104116f766f5a9b2308ec306cd017b3049660"},
    {file = "aioquic-1.2.0-cp38-abi3-manylinux_2_17_aarch64.manylinux2014_aarch64.whl", hash = "sha256:2466499759b31ea4f1d17f4aeb1f8d4297169e05e3c1216d618c9757f4dd740d"},
    {file = "aioquic-1.2.0-cp38-abi3-manylinux_2_17_i686.manylinux2014_i686.whl", hash = "sha256:cd75015462ca5070a888110dc201f35a9f4c7459f9201b77adc3c06013611bb8"},
    {file = "aioquic-1.2.0-cp38-abi3-manylinux_2_17_x86_64.manylinux2014_x86_64.whl", hash = "sha256:43ae3b11d43400a620ca0b4b4885d12b76a599c2cbddba755f74bebfa65fe587"},
    {file = "aioquic-1.2.0-cp38-abi3-win32.whl", hash = "sha256:910d8c91da86bba003d491d15deaeac3087d1b9d690b9edc1375905d8867b742"},
    {file = "aioquic-1.2.0-cp38-abi3-win_amd64.whl", hash = "sha256:e3dcfb941004333d477225a6689b55fc7f905af5ee6a556eb5083be0354e653a"},
    {file = "aioquic-1.2.0-pp310-pypy310_pp73-macosx_10_15_x86_64.whl", hash = "sha256:8e600da7aa7e4a7bc53ee8f45fd66808032127ae00938c119ac77d66633b8961"},
    {file = "aioquic-1.2.0-pp310-pypy310_pp73-macosx_11_0_arm64.whl", hash = "sha256:358e2b9c1e0c24b9933094c3c2cf990faf44d03b64d6f8ff79b4b3f510c6c268"},
    {file = "aioquic-1.2.0-pp310-pypy310_pp73-manylinux_2_17_aarch64.manylinux2014_aarch64.whl", hash = "sha256:6fe683943ea3439dd0aca05ff80e85a552d4b39f9f34858c76ac54c205990e88"},
    {file = "aioquic-1.2.0-pp310-pypy310_pp73-manylinux_2_17_i686.manylinux2014_i686.whl", hash = "sha256:c22689c33fe4799624aed6faaba0af9e6ea7d31ac45047745828ee68d67fe1d9"},
    {file = "aioquic-1.2.0-pp310-pypy310_pp73-manylinux_2_17_x86_64.manylinux2014_x86_64.whl", hash = "sha256:3976b75e82d83742c8b811e38d273eda2ca7f81394b6a85da33a02849c5f1d9d"},
    {file = "aioquic-1.2.0-pp310-pypy310_pp73-win_amd64.whl", hash = "sha256:cbe7167b2faee887e115d83d25332c4b8fa4604d5175807d978cb4fe39b4e36e"},
    {file = "aioquic-1.2.0-pp38-pypy38_pp73-macosx_10_9_x86_64.whl", hash = "sha256:f81e7946f09501a7c27e3f71b84a455e6bf92346fb5a28ef2d73c9d564463c63"},
    {file = "aioquic-1.2.0-pp38-pypy38_pp73-macosx_11_0_arm64.whl", hash = "sha256:e2c3c127cc3d9eac7a6d05142036bf4b2c593d750a115a2fa42c1f86cbe8c0a0"},
    {file = "aioquic-1.2.0-pp38-pypy38_pp73-manylinux_2_17_aarch64.manylinux2014_aarch64.whl", hash = "sha256:bb917143e7a4de5beba1e695fa89f2b05ef080b450dea07338cc67a9c75e0a4d"},
    {file = "aioquic-1.2.0-pp38-pypy38_pp73-manylinux_2_17_i686.manylinux2014_i686.whl", hash = "sha256:1de513772fd04ff38028fdf748a9e2dec33d7aa2fbf67fda3011d9a85b620c54"},
    {file = "aioquic-1.2.0-pp38-pypy38_pp73-manylinux_2_17_x86_64.manylinux2014_x86_64.whl", hash = "sha256:7dcc212bb529900757d8e99a76198b42c2a978ce735a1bfca394033c16cfc33c"},
    {file = "aioquic-1.2.0-pp38-pypy38_pp73-win_amd64.whl", hash = "sha256:e7ce10198f8efa91986ad8ac83fa08e50972e0aacde45bdaf7b9365094e72c0c"},
    {file = "aioquic-1.2.0-pp39-pypy39_pp73-macosx_10_15_x86_64.whl", hash = "sha256:6e418c92898a0af306e6f1b6a55a0d3d2597001c57a7b1ba36cf5b47bf41233b"},
    {file = "aioquic-1.2.0-pp39-pypy39_pp73-macosx_11_0_arm64.whl", hash = "sha256:81650d59bef05c514af2cfdcb2946e9d13367b745e68b36881d43630ef563d38"},
    {file = "aioquic-1.2.0-pp39-pypy39_pp73-manylinux_2_17_aarch64.manylinux2014_aarch64.whl", hash = "sha256:6371c3afa1036294e1505fdbda8c147bc41c5b6709a47459e8c1b4eec41a86ef"},
    {file = "aioquic-1.2.0-pp39-pypy39_pp73-manylinux_2_17_i686.manylinux2014_i686.whl", hash = "sha256:c332cffa3c2124e5db82b2b9eb2662bd7c39ee2247606b74de689f6d3091b61a"},
    {file = "aioquic-1.2.0-pp39-pypy39_pp73-manylinux_2_17_x86_64.manylinux2014_x86_64.whl", hash = "sha256:fcc1eb083ed9f8d903482e375281c8c26a5ed2b6bee5ee2be3f13275d8fdb146"},
    {file = "aioquic-1.2.0-pp39-pypy39_pp73-win_amd64.whl", hash = "sha256:f209ad5edbff8239e994c189dc74428420957448a190f4343faee4caedef4eee"},
    {file = "aioquic-1.2.0.tar.gz", hash = "sha256:f91263bb3f71948c5c8915b4d50ee370004f20a416f67fab3dcc90556c7e7199"},
]

[package.dependencies]
certifi = "*"
cryptography = ">=42.0.0"
pylsqpack = ">=0.3.3,<0.4.0"
pyopenssl = ">=24"
service-identity = ">=24.1.0"

[package.extras]
dev = ["coverage[toml] (>=7.2.2)"]

[[package]]
name = "attrs"
version = "24.2.0"
description = "Classes Without Boilerplate"
optional = false
python-versions = ">=3.7"
files = [
    {file = "attrs-24.2.0-py3-none-any.whl", hash = "sha256:81921eb96de3191c8258c199618104dd27ac608d9366f5e35d011eae1867ede2"},
    {file = "attrs-24.2.0.tar.gz", hash = "sha256:5cfb1b9148b5b086569baec03f20d7b6bf3bcacc9a42bebf87ffaaca362f6346"},
]

[package.extras]
benchmark = ["cloudpickle", "hypothesis", "mypy (>=1.11.1)", "pympler", "pytest (>=4.3.0)", "pytest-codspeed", "pytest-mypy-plugins", "pytest-xdist[psutil]"]
cov = ["cloudpickle", "coverage[toml] (>=5.3)", "hypothesis", "mypy (>=1.11.1)", "pympler", "pytest (>=4.3.0)", "pytest-mypy-plugins", "pytest-xdist[psutil]"]
dev = ["cloudpickle", "hypothesis", "mypy (>=1.11.1)", "pre-commit", "pympler", "pytest (>=4.3.0)", "pytest-mypy-plugins", "pytest-xdist[psutil]"]
docs = ["cogapp", "furo", "myst-parser", "sphinx", "sphinx-notfound-page", "sphinxcontrib-towncrier", "towncrier (<24.7)"]
tests = ["cloudpickle", "hypothesis", "mypy (>=1.11.1)", "pympler", "pytest (>=4.3.0)", "pytest-mypy-plugins", "pytest-xdist[psutil]"]
tests-mypy = ["mypy (>=1.11.1)", "pytest-mypy-plugins"]

[[package]]
name = "certifi"
version = "2024.7.4"
description = "Python package for providing Mozilla's CA Bundle."
optional = false
python-versions = ">=3.6"
files = [
    {file = "certifi-2024.7.4-py3-none-any.whl", hash = "sha256:c198e21b1289c2ab85ee4e67bb4b4ef3ead0892059901a8d5b622f24a1101e90"},
    {file = "certifi-2024.7.4.tar.gz", hash = "sha256:5a1e7645bc0ec61a09e26c36f6106dd4cf40c6db3a1fb6352b0244e7fb057c7b"},
]

[[package]]
name = "cffi"
version = "1.17.0"
description = "Foreign Function Interface for Python calling C code."
optional = false
python-versions = ">=3.8"
files = [
    {file = "cffi-1.17.0-cp310-cp310-macosx_10_9_x86_64.whl", hash = "sha256:f9338cc05451f1942d0d8203ec2c346c830f8e86469903d5126c1f0a13a2bcbb"},
    {file = "cffi-1.17.0-cp310-cp310-macosx_11_0_arm64.whl", hash = "sha256:a0ce71725cacc9ebf839630772b07eeec220cbb5f03be1399e0457a1464f8e1a"},
    {file = "cffi-1.17.0-cp310-cp310-manylinux_2_12_i686.manylinux2010_i686.manylinux_2_17_i686.manylinux2014_i686.whl", hash = "sha256:c815270206f983309915a6844fe994b2fa47e5d05c4c4cef267c3b30e34dbe42"},
    {file = "cffi-1.17.0-cp310-cp310-manylinux_2_17_aarch64.manylinux2014_aarch64.whl", hash = "sha256:d6bdcd415ba87846fd317bee0774e412e8792832e7805938987e4ede1d13046d"},
    {file = "cffi-1.17.0-cp310-cp310-manylinux_2_17_ppc64le.manylinux2014_ppc64le.whl", hash = "sha256:8a98748ed1a1df4ee1d6f927e151ed6c1a09d5ec21684de879c7ea6aa96f58f2"},
    {file = "cffi-1.17.0-cp310-cp310-manylinux_2_17_s390x.manylinux2014_s390x.whl", hash = "sha256:0a048d4f6630113e54bb4b77e315e1ba32a5a31512c31a273807d0027a7e69ab"},
    {file = "cffi-1.17.0-cp310-cp310-manylinux_2_17_x86_64.manylinux2014_x86_64.whl", hash = "sha256:24aa705a5f5bd3a8bcfa4d123f03413de5d86e497435693b638cbffb7d5d8a1b"},
    {file = "cffi-1.17.0-cp310-cp310-musllinux_1_1_aarch64.whl", hash = "sha256:856bf0924d24e7f93b8aee12a3a1095c34085600aa805693fb7f5d1962393206"},
    {file = "cffi-1.17.0-cp310-cp310-musllinux_1_1_i686.whl", hash = "sha256:4304d4416ff032ed50ad6bb87416d802e67139e31c0bde4628f36a47a3164bfa"},
    {file = "cffi-1.17.0-cp310-cp310-musllinux_1_1_x86_64.whl", hash = "sha256:331ad15c39c9fe9186ceaf87203a9ecf5ae0ba2538c9e898e3a6967e8ad3db6f"},
    {file = "cffi-1.17.0-cp310-cp310-win32.whl", hash = "sha256:669b29a9eca6146465cc574659058ed949748f0809a2582d1f1a324eb91054dc"},
    {file = "cffi-1.17.0-cp310-cp310-win_amd64.whl", hash = "sha256:48b389b1fd5144603d61d752afd7167dfd205973a43151ae5045b35793232aa2"},
    {file = "cffi-1.17.0-cp311-cp311-macosx_10_9_x86_64.whl", hash = "sha256:c5d97162c196ce54af6700949ddf9409e9833ef1003b4741c2b39ef46f1d9720"},
    {file = "cffi-1.17.0-cp311-cp311-macosx_11_0_arm64.whl", hash = "sha256:5ba5c243f4004c750836f81606a9fcb7841f8874ad8f3bf204ff5e56332b72b9"},
    {file = "cffi-1.17.0-cp311-cp311-manylinux_2_12_i686.manylinux2010_i686.manylinux_2_17_i686.manylinux2014_i686.whl", hash = "sha256:bb9333f58fc3a2296fb1d54576138d4cf5d496a2cc118422bd77835e6ae0b9cb"},
    {file = "cffi-1.17.0-cp311-cp311-manylinux_2_17_aarch64.manylinux2014_aarch64.whl", hash = "sha256:435a22d00ec7d7ea533db494da8581b05977f9c37338c80bc86314bec2619424"},
    {file = "cffi-1.17.0-cp311-cp311-manylinux_2_17_ppc64le.manylinux2014_ppc64le.whl", hash = "sha256:d1df34588123fcc88c872f5acb6f74ae59e9d182a2707097f9e28275ec26a12d"},
    {file = "cffi-1.17.0-cp311-cp311-manylinux_2_17_s390x.manylinux2014_s390x.whl", hash = "sha256:df8bb0010fdd0a743b7542589223a2816bdde4d94bb5ad67884348fa2c1c67e8"},
    {file = "cffi-1.17.0-cp311-cp311-manylinux_2_17_x86_64.manylinux2014_x86_64.whl", hash = "sha256:a8b5b9712783415695663bd463990e2f00c6750562e6ad1d28e072a611c5f2a6"},
    {file = "cffi-1.17.0-cp311-cp311-musllinux_1_1_aarch64.whl", hash = "sha256:ffef8fd58a36fb5f1196919638f73dd3ae0db1a878982b27a9a5a176ede4ba91"},
    {file = "cffi-1.17.0-cp311-cp311-musllinux_1_1_i686.whl", hash = "sha256:4e67d26532bfd8b7f7c05d5a766d6f437b362c1bf203a3a5ce3593a645e870b8"},
    {file = "cffi-1.17.0-cp311-cp311-musllinux_1_1_x86_64.whl", hash = "sha256:45f7cd36186db767d803b1473b3c659d57a23b5fa491ad83c6d40f2af58e4dbb"},
    {file = "cffi-1.17.0-cp311-cp311-win32.whl", hash = "sha256:a9015f5b8af1bb6837a3fcb0cdf3b874fe3385ff6274e8b7925d81ccaec3c5c9"},
    {file = "cffi-1.17.0-cp311-cp311-win_amd64.whl", hash = "sha256:b50aaac7d05c2c26dfd50c3321199f019ba76bb650e346a6ef3616306eed67b0"},
    {file = "cffi-1.17.0-cp312-cp312-macosx_10_9_x86_64.whl", hash = "sha256:aec510255ce690d240f7cb23d7114f6b351c733a74c279a84def763660a2c3bc"},
    {file = "cffi-1.17.0-cp312-cp312-macosx_11_0_arm64.whl", hash = "sha256:2770bb0d5e3cc0e31e7318db06efcbcdb7b31bcb1a70086d3177692a02256f59"},
    {file = "cffi-1.17.0-cp312-cp312-manylinux_2_12_i686.manylinux2010_i686.manylinux_2_17_i686.manylinux2014_i686.whl", hash = "sha256:db9a30ec064129d605d0f1aedc93e00894b9334ec74ba9c6bdd08147434b33eb"},
    {file = "cffi-1.17.0-cp312-cp312-manylinux_2_17_aarch64.manylinux2014_aarch64.whl", hash = "sha256:a47eef975d2b8b721775a0fa286f50eab535b9d56c70a6e62842134cf7841195"},
    {file = "cffi-1.17.0-cp312-cp312-manylinux_2_17_ppc64le.manylinux2014_ppc64le.whl", hash = "sha256:f3e0992f23bbb0be00a921eae5363329253c3b86287db27092461c887b791e5e"},
    {file = "cffi-1.17.0-cp312-cp312-manylinux_2_17_s390x.manylinux2014_s390x.whl", hash = "sha256:6107e445faf057c118d5050560695e46d272e5301feffda3c41849641222a828"},
    {file = "cffi-1.17.0-cp312-cp312-manylinux_2_17_x86_64.manylinux2014_x86_64.whl", hash = "sha256:eb862356ee9391dc5a0b3cbc00f416b48c1b9a52d252d898e5b7696a5f9fe150"},
    {file = "cffi-1.17.0-cp312-cp312-musllinux_1_1_aarch64.whl", hash = "sha256:c1c13185b90bbd3f8b5963cd8ce7ad4ff441924c31e23c975cb150e27c2bf67a"},
    {file = "cffi-1.17.0-cp312-cp312-musllinux_1_1_x86_64.whl", hash = "sha256:17c6d6d3260c7f2d94f657e6872591fe8733872a86ed1345bda872cfc8c74885"},
    {file = "cffi-1.17.0-cp312-cp312-win32.whl", hash = "sha256:c3b8bd3133cd50f6b637bb4322822c94c5ce4bf0d724ed5ae70afce62187c492"},
    {file = "cffi-1.17.0-cp312-cp312-win_amd64.whl", hash = "sha256:dca802c8db0720ce1c49cce1149ff7b06e91ba15fa84b1d59144fef1a1bc7ac2"},
    {file = "cffi-1.17.0-cp313-cp313-macosx_10_13_x86_64.whl", hash = "sha256:6ce01337d23884b21c03869d2f68c5523d43174d4fc405490eb0091057943118"},
    {file = "cffi-1.17.0-cp313-cp313-macosx_11_0_arm64.whl", hash = "sha256:cab2eba3830bf4f6d91e2d6718e0e1c14a2f5ad1af68a89d24ace0c6b17cced7"},
    {file = "cffi-1.17.0-cp313-cp313-manylinux_2_12_i686.manylinux2010_i686.manylinux_2_17_i686.manylinux2014_i686.whl", hash = "sha256:14b9cbc8f7ac98a739558eb86fabc283d4d564dafed50216e7f7ee62d0d25377"},
    {file = "cffi-1.17.0-cp313-cp313-manylinux_2_17_aarch64.manylinux2014_aarch64.whl", hash = "sha256:b00e7bcd71caa0282cbe3c90966f738e2db91e64092a877c3ff7f19a1628fdcb"},
    {file = "cffi-1.17.0-cp313-cp313-manylinux_2_17_ppc64le.manylinux2014_ppc64le.whl", hash = "sha256:41f4915e09218744d8bae14759f983e466ab69b178de38066f7579892ff2a555"},
    {file = "cffi-1.17.0-cp313-cp313-manylinux_2_17_s390x.manylinux2014_s390x.whl", hash = "sha256:e4760a68cab57bfaa628938e9c2971137e05ce48e762a9cb53b76c9b569f1204"},
    {file = "cffi-1.17.0-cp313-cp313-manylinux_2_17_x86_64.manylinux2014_x86_64.whl", hash = "sha256:011aff3524d578a9412c8b3cfaa50f2c0bd78e03eb7af7aa5e0df59b158efb2f"},
    {file = "cffi-1.17.0-cp313-cp313-musllinux_1_1_aarch64.whl", hash = "sha256:a003ac9edc22d99ae1286b0875c460351f4e101f8c9d9d2576e78d7e048f64e0"},
    {file = "cffi-1.17.0-cp313-cp313-musllinux_1_1_x86_64.whl", hash = "sha256:ef9528915df81b8f4c7612b19b8628214c65c9b7f74db2e34a646a0a2a0da2d4"},
    {file = "cffi-1.17.0-cp313-cp313-win32.whl", hash = "sha256:70d2aa9fb00cf52034feac4b913181a6e10356019b18ef89bc7c12a283bf5f5a"},
    {file = "cffi-1.17.0-cp313-cp313-win_amd64.whl", hash = "sha256:b7b6ea9e36d32582cda3465f54c4b454f62f23cb083ebc7a94e2ca6ef011c3a7"},
    {file = "cffi-1.17.0-cp38-cp38-macosx_10_9_x86_64.whl", hash = "sha256:964823b2fc77b55355999ade496c54dde161c621cb1f6eac61dc30ed1b63cd4c"},
    {file = "cffi-1.17.0-cp38-cp38-manylinux_2_12_i686.manylinux2010_i686.manylinux_2_17_i686.manylinux2014_i686.whl", hash = "sha256:516a405f174fd3b88829eabfe4bb296ac602d6a0f68e0d64d5ac9456194a5b7e"},
    {file = "cffi-1.17.0-cp38-cp38-manylinux_2_17_aarch64.manylinux2014_aarch64.whl", hash = "sha256:dec6b307ce928e8e112a6bb9921a1cb00a0e14979bf28b98e084a4b8a742bd9b"},
    {file = "cffi-1.17.0-cp38-cp38-manylinux_2_17_ppc64le.manylinux2014_ppc64le.whl", hash = "sha256:e4094c7b464cf0a858e75cd14b03509e84789abf7b79f8537e6a72152109c76e"},
    {file = "cffi-1.17.0-cp38-cp38-manylinux_2_17_s390x.manylinux2014_s390x.whl", hash = "sha256:2404f3de742f47cb62d023f0ba7c5a916c9c653d5b368cc966382ae4e57da401"},
    {file = "cffi-1.17.0-cp38-cp38-manylinux_2_17_x86_64.manylinux2014_x86_64.whl", hash = "sha256:3aa9d43b02a0c681f0bfbc12d476d47b2b2b6a3f9287f11ee42989a268a1833c"},
    {file = "cffi-1.17.0-cp38-cp38-win32.whl", hash = "sha256:0bb15e7acf8ab35ca8b24b90af52c8b391690ef5c4aec3d31f38f0d37d2cc499"},
    {file = "cffi-1.17.0-cp38-cp38-win_amd64.whl", hash = "sha256:93a7350f6706b31f457c1457d3a3259ff9071a66f312ae64dc024f049055f72c"},
    {file = "cffi-1.17.0-cp39-cp39-macosx_10_9_x86_64.whl", hash = "sha256:1a2ddbac59dc3716bc79f27906c010406155031a1c801410f1bafff17ea304d2"},
    {file = "cffi-1.17.0-cp39-cp39-macosx_11_0_arm64.whl", hash = "sha256:6327b572f5770293fc062a7ec04160e89741e8552bf1c358d1a23eba68166759"},
    {file = "cffi-1.17.0-cp39-cp39-manylinux_2_12_i686.manylinux2010_i686.manylinux_2_17_i686.manylinux2014_i686.whl", hash = "sha256:dbc183e7bef690c9abe5ea67b7b60fdbca81aa8da43468287dae7b5c046107d4"},
    {file = "cffi-1.17.0-cp39-cp39-manylinux_2_17_aarch64.manylinux2014_aarch64.whl", hash = "sha256:5bdc0f1f610d067c70aa3737ed06e2726fd9d6f7bfee4a351f4c40b6831f4e82"},
    {file = "cffi-1.17.0-cp39-cp39-manylinux_2_17_ppc64le.manylinux2014_ppc64le.whl", hash = "sha256:6d872186c1617d143969defeadac5a904e6e374183e07977eedef9c07c8953bf"},
    {file = "cffi-1.17.0-cp39-cp39-manylinux_2_17_s390x.manylinux2014_s390x.whl", hash = "sha256:0d46ee4764b88b91f16661a8befc6bfb24806d885e27436fdc292ed7e6f6d058"},
    {file = "cffi-1.17.0-cp39-cp39-manylinux_2_17_x86_64.manylinux2014_x86_64.whl", hash = "sha256:6f76a90c345796c01d85e6332e81cab6d70de83b829cf1d9762d0a3da59c7932"},
    {file = "cffi-1.17.0-cp39-cp39-musllinux_1_1_aarch64.whl", hash = "sha256:0e60821d312f99d3e1569202518dddf10ae547e799d75aef3bca3a2d9e8ee693"},
    {file = "cffi-1.17.0-cp39-cp39-musllinux_1_1_i686.whl", hash = "sha256:eb09b82377233b902d4c3fbeeb7ad731cdab579c6c6fda1f763cd779139e47c3"},
    {file = "cffi-1.17.0-cp39-cp39-musllinux_1_1_x86_64.whl", hash = "sha256:24658baf6224d8f280e827f0a50c46ad819ec8ba380a42448e24459daf809cf4"},
    {file = "cffi-1.17.0-cp39-cp39-win32.whl", hash = "sha256:0fdacad9e0d9fc23e519efd5ea24a70348305e8d7d85ecbb1a5fa66dc834e7fb"},
    {file = "cffi-1.17.0-cp39-cp39-win_amd64.whl", hash = "sha256:7cbc78dc018596315d4e7841c8c3a7ae31cc4d638c9b627f87d52e8abaaf2d29"},
    {file = "cffi-1.17.0.tar.gz", hash = "sha256:f3157624b7558b914cb039fd1af735e5e8049a87c817cc215109ad1c8779df76"},
]

[package.dependencies]
pycparser = "*"

[[package]]
name = "colorama"
version = "0.4.6"
description = "Cross-platform colored terminal text."
optional = false
python-versions = "!=3.0.*,!=3.1.*,!=3.2.*,!=3.3.*,!=3.4.*,!=3.5.*,!=3.6.*,>=2.7"
files = [
    {file = "colorama-0.4.6-py2.py3-none-any.whl", hash = "sha256:4f1d9991f5acc0ca119f9d443620b77f9d6b33703e51011c16baf57afb285fc6"},
    {file = "colorama-0.4.6.tar.gz", hash = "sha256:08695f5cb7ed6e0531a20572697297273c47b8cae5a63ffc6d6ed5c201be6e44"},
]

[[package]]
name = "cryptography"
version = "43.0.0"
description = "cryptography is a package which provides cryptographic recipes and primitives to Python developers."
optional = false
python-versions = ">=3.7"
files = [
    {file = "cryptography-43.0.0-cp37-abi3-macosx_10_9_universal2.whl", hash = "sha256:64c3f16e2a4fc51c0d06af28441881f98c5d91009b8caaff40cf3548089e9c74"},
    {file = "cryptography-43.0.0-cp37-abi3-manylinux_2_17_aarch64.manylinux2014_aarch64.whl", hash = "sha256:3dcdedae5c7710b9f97ac6bba7e1052b95c7083c9d0e9df96e02a1932e777895"},
    {file = "cryptography-43.0.0-cp37-abi3-manylinux_2_17_x86_64.manylinux2014_x86_64.whl", hash = "sha256:3d9a1eca329405219b605fac09ecfc09ac09e595d6def650a437523fcd08dd22"},
    {file = "cryptography-43.0.0-cp37-abi3-manylinux_2_28_aarch64.whl", hash = "sha256:ea9e57f8ea880eeea38ab5abf9fbe39f923544d7884228ec67d666abd60f5a47"},
    {file = "cryptography-43.0.0-cp37-abi3-manylinux_2_28_x86_64.whl", hash = "sha256:9a8d6802e0825767476f62aafed40532bd435e8a5f7d23bd8b4f5fd04cc80ecf"},
    {file = "cryptography-43.0.0-cp37-abi3-musllinux_1_2_aarch64.whl", hash = "sha256:cc70b4b581f28d0a254d006f26949245e3657d40d8857066c2ae22a61222ef55"},
    {file = "cryptography-43.0.0-cp37-abi3-musllinux_1_2_x86_64.whl", hash = "sha256:4a997df8c1c2aae1e1e5ac49c2e4f610ad037fc5a3aadc7b64e39dea42249431"},
    {file = "cryptography-43.0.0-cp37-abi3-win32.whl", hash = "sha256:6e2b11c55d260d03a8cf29ac9b5e0608d35f08077d8c087be96287f43af3ccdc"},
    {file = "cryptography-43.0.0-cp37-abi3-win_amd64.whl", hash = "sha256:31e44a986ceccec3d0498e16f3d27b2ee5fdf69ce2ab89b52eaad1d2f33d8778"},
    {file = "cryptography-43.0.0-cp39-abi3-macosx_10_9_universal2.whl", hash = "sha256:7b3f5fe74a5ca32d4d0f302ffe6680fcc5c28f8ef0dc0ae8f40c0f3a1b4fca66"},
    {file = "cryptography-43.0.0-cp39-abi3-manylinux_2_17_aarch64.manylinux2014_aarch64.whl", hash = "sha256:ac1955ce000cb29ab40def14fd1bbfa7af2017cca696ee696925615cafd0dce5"},
    {file = "cryptography-43.0.0-cp39-abi3-manylinux_2_17_x86_64.manylinux2014_x86_64.whl", hash = "sha256:299d3da8e00b7e2b54bb02ef58d73cd5f55fb31f33ebbf33bd00d9aa6807df7e"},
    {file = "cryptography-43.0.0-cp39-abi3-manylinux_2_28_aarch64.whl", hash = "sha256:ee0c405832ade84d4de74b9029bedb7b31200600fa524d218fc29bfa371e97f5"},
    {file = "cryptography-43.0.0-cp39-abi3-manylinux_2_28_x86_64.whl", hash = "sha256:cb013933d4c127349b3948aa8aaf2f12c0353ad0eccd715ca789c8a0f671646f"},
    {file = "cryptography-43.0.0-cp39-abi3-musllinux_1_2_aarch64.whl", hash = "sha256:fdcb265de28585de5b859ae13e3846a8e805268a823a12a4da2597f1f5afc9f0"},
    {file = "cryptography-43.0.0-cp39-abi3-musllinux_1_2_x86_64.whl", hash = "sha256:2905ccf93a8a2a416f3ec01b1a7911c3fe4073ef35640e7ee5296754e30b762b"},
    {file = "cryptography-43.0.0-cp39-abi3-win32.whl", hash = "sha256:47ca71115e545954e6c1d207dd13461ab81f4eccfcb1345eac874828b5e3eaaf"},
    {file = "cryptography-43.0.0-cp39-abi3-win_amd64.whl", hash = "sha256:0663585d02f76929792470451a5ba64424acc3cd5227b03921dab0e2f27b1709"},
    {file = "cryptography-43.0.0-pp310-pypy310_pp73-macosx_10_9_x86_64.whl", hash = "sha256:2c6d112bf61c5ef44042c253e4859b3cbbb50df2f78fa8fae6747a7814484a70"},
    {file = "cryptography-43.0.0-pp310-pypy310_pp73-manylinux_2_28_aarch64.whl", hash = "sha256:844b6d608374e7d08f4f6e6f9f7b951f9256db41421917dfb2d003dde4cd6b66"},
    {file = "cryptography-43.0.0-pp310-pypy310_pp73-manylinux_2_28_x86_64.whl", hash = "sha256:51956cf8730665e2bdf8ddb8da0056f699c1a5715648c1b0144670c1ba00b48f"},
    {file = "cryptography-43.0.0-pp310-pypy310_pp73-win_amd64.whl", hash = "sha256:aae4d918f6b180a8ab8bf6511a419473d107df4dbb4225c7b48c5c9602c38c7f"},
    {file = "cryptography-43.0.0-pp39-pypy39_pp73-macosx_10_9_x86_64.whl", hash = "sha256:232ce02943a579095a339ac4b390fbbe97f5b5d5d107f8a08260ea2768be8cc2"},
    {file = "cryptography-43.0.0-pp39-pypy39_pp73-manylinux_2_28_aarch64.whl", hash = "sha256:5bcb8a5620008a8034d39bce21dc3e23735dfdb6a33a06974739bfa04f853947"},
    {file = "cryptography-43.0.0-pp39-pypy39_pp73-manylinux_2_28_x86_64.whl", hash = "sha256:08a24a7070b2b6804c1940ff0f910ff728932a9d0e80e7814234269f9d46d069"},
    {file = "cryptography-43.0.0-pp39-pypy39_pp73-win_amd64.whl", hash = "sha256:e9c5266c432a1e23738d178e51c2c7a5e2ddf790f248be939448c0ba2021f9d1"},
    {file = "cryptography-43.0.0.tar.gz", hash = "sha256:b88075ada2d51aa9f18283532c9f60e72170041bba88d7f37e49cbb10275299e"},
]

[package.dependencies]
cffi = {version = ">=1.12", markers = "platform_python_implementation != \"PyPy\""}

[package.extras]
docs = ["sphinx (>=5.3.0)", "sphinx-rtd-theme (>=1.1.1)"]
docstest = ["pyenchant (>=1.6.11)", "readme-renderer", "sphinxcontrib-spelling (>=4.0.1)"]
nox = ["nox"]
pep8test = ["check-sdist", "click", "mypy", "ruff"]
sdist = ["build"]
ssh = ["bcrypt (>=3.1.5)"]
test = ["certifi", "cryptography-vectors (==43.0.0)", "pretend", "pytest (>=6.2.0)", "pytest-benchmark", "pytest-cov", "pytest-xdist"]
test-randomorder = ["pytest-randomly"]

[[package]]
name = "exceptiongroup"
version = "1.2.2"
description = "Backport of PEP 654 (exception groups)"
optional = false
python-versions = ">=3.7"
files = [
    {file = "exceptiongroup-1.2.2-py3-none-any.whl", hash = "sha256:3111b9d131c238bec2f8f516e123e14ba243563fb135d3fe885990585aa7795b"},
    {file = "exceptiongroup-1.2.2.tar.gz", hash = "sha256:47c2edf7c6738fafb49fd34290706d1a1a2f4d1c6df275526b62cbb4aa5393cc"},
]

[package.extras]
test = ["pytest (>=6)"]

[[package]]
name = "iniconfig"
version = "2.0.0"
description = "brain-dead simple config-ini parsing"
optional = false
python-versions = ">=3.7"
files = [
    {file = "iniconfig-2.0.0-py3-none-any.whl", hash = "sha256:b6a85871a79d2e3b22d2d1b94ac2824226a63c6b741c88f7ae975f18b6778374"},
    {file = "iniconfig-2.0.0.tar.gz", hash = "sha256:2d91e135bf72d31a410b17c16da610a82cb55f6b0477d1a902134b24a455b8b3"},
]

[[package]]
name = "packaging"
version = "24.1"
description = "Core utilities for Python packages"
optional = false
python-versions = ">=3.8"
files = [
    {file = "packaging-24.1-py3-none-any.whl", hash = "sha256:5b8f2217dbdbd2f7f384c41c628544e6d52f2d0f53c6d0c3ea61aa5d1d7ff124"},
    {file = "packaging-24.1.tar.gz", hash = "sha256:026ed72c8ed3fcce5bf8950572258698927fd1dbda10a5e981cdf0ac37f4f002"},
]

[[package]]
name = "pluggy"
version = "1.5.0"
description = "plugin and hook calling mechanisms for python"
optional = false
python-versions = ">=3.8"
files = [
    {file = "pluggy-1.5.0-py3-none-any.whl", hash = "sha256:44e1ad92c8ca002de6377e165f3e0f1be63266ab4d554740532335b9d75ea669"},
    {file = "pluggy-1.5.0.tar.gz", hash = "sha256:2cffa88e94fdc978c4c574f15f9e59b7f4201d439195c3715ca9e2486f1d0cf1"},
]

[package.extras]
dev = ["pre-commit", "tox"]
testing = ["pytest", "pytest-benchmark"]

[[package]]
name = "pyasn1"
version = "0.6.0"
description = "Pure-Python implementation of ASN.1 types and DER/BER/CER codecs (X.208)"
optional = false
python-versions = ">=3.8"
files = [
    {file = "pyasn1-0.6.0-py2.py3-none-any.whl", hash = "sha256:cca4bb0f2df5504f02f6f8a775b6e416ff9b0b3b16f7ee80b5a3153d9b804473"},
    {file = "pyasn1-0.6.0.tar.gz", hash = "sha256:3a35ab2c4b5ef98e17dfdec8ab074046fbda76e281c5a706ccd82328cfc8f64c"},
]

[[package]]
name = "pyasn1-modules"
version = "0.4.0"
description = "A collection of ASN.1-based protocols modules"
optional = false
python-versions = ">=3.8"
files = [
    {file = "pyasn1_modules-0.4.0-py3-none-any.whl", hash = "sha256:be04f15b66c206eed667e0bb5ab27e2b1855ea54a842e5037738099e8ca4ae0b"},
    {file = "pyasn1_modules-0.4.0.tar.gz", hash = "sha256:831dbcea1b177b28c9baddf4c6d1013c24c3accd14a1873fffaa6a2e905f17b6"},
]

[package.dependencies]
pyasn1 = ">=0.4.6,<0.7.0"

[[package]]
name = "pycparser"
version = "2.22"
description = "C parser in Python"
optional = false
python-versions = ">=3.8"
files = [
    {file = "pycparser-2.22-py3-none-any.whl", hash = "sha256:c3702b6d3dd8c7abc1afa565d7e63d53a1d0bd86cdc24edd75470f4de499cfcc"},
    {file = "pycparser-2.22.tar.gz", hash = "sha256:491c8be9c040f5390f5bf44a5b07752bd07f56edf992381b05c701439eec10f6"},
]

[[package]]
name = "pylsqpack"
version = "0.3.18"
description = "Python wrapper for the ls-qpack QPACK library"
optional = false
python-versions = ">=3.8"
files = [
    {file = "pylsqpack-0.3.18-cp38-abi3-macosx_10_9_x86_64.whl", hash = "sha256:1f415d2e03c779261ac7ed421a009a4c752eef6f1ef7b5a34c4a463a5e17fbad"},
    {file = "pylsqpack-0.3.18-cp38-abi3-macosx_11_0_arm64.whl", hash = "sha256:c84e6d4dcb708d766a50bfd16579d8a0bff4eb4e5f5dff9f3df4018454d4013b"},
    {file = "pylsqpack-0.3.18-cp38-abi3-manylinux_2_17_aarch64.manylinux2014_aarch64.whl", hash = "sha256:bac5f2dc255ae70e5a14033e769769b38bd4c980b365dacd88665610f245e36f"},
    {file = "pylsqpack-0.3.18-cp38-abi3-manylinux_2_17_x86_64.manylinux2014_x86_64.whl", hash = "sha256:75042b442a0a7a283b5adc21045e6583f3c817d40ccec769837bf2f90b79c494"},
    {file = "pylsqpack-0.3.18-cp38-abi3-manylinux_2_5_i686.manylinux1_i686.manylinux_2_17_i686.manylinux2014_i686.whl", hash = "sha256:8b5fd04bb27180286811f8e1659974e6e5e854a882de3f2aba8caefc1bb9ab81"},
    {file = "pylsqpack-0.3.18-cp38-abi3-win32.whl", hash = "sha256:a2798e1c08bd36875f77a1ebec0f130fdf9e27eebdb0499a764201d55ef78770"},
    {file = "pylsqpack-0.3.18-cp38-abi3-win_amd64.whl", hash = "sha256:40465d025b946bca195bdaed74b3b79fe3f7f419ab1d4bc4109dca34ba9881d7"},
    {file = "pylsqpack-0.3.18-pp38-pypy38_pp73-macosx_10_9_x86_64.whl", hash = "sha256:ae628cd359ecb466dd85f151ea1ad53de3114e5a9ae0f0ac1408fb43a4318032"},
    {file = "pylsqpack-0.3.18-pp38-pypy38_pp73-manylinux_2_17_aarch64.manylinux2014_aarch64.whl", hash = "sha256:4a248be29d9ca1fa2ebd7ef4b8ac166d17df0d8d4631b4499c8c566e221d4e5b"},
    {file = "pylsqpack-0.3.18-pp38-pypy38_pp73-manylinux_2_17_x86_64.manylinux2014_x86_64.whl", hash = "sha256:005ddce84bdcbf5c3cf99f764504208e1aa0a91a8331bf47108f2708f2a315e6"},
    {file = "pylsqpack-0.3.18-pp38-pypy38_pp73-manylinux_2_5_i686.manylinux1_i686.manylinux_2_17_i686.manylinux2014_i686.whl", hash = "sha256:3dd664354422d4cd51c189febb5f5d22bf3d8c453cc25517c04ce01a57478060"},
    {file = "pylsqpack-0.3.18-pp38-pypy38_pp73-win_amd64.whl", hash = "sha256:c003eb882f41e4dbd093243c67b97c8634209b4d5ba7edd16163b1ff37306254"},
    {file = "pylsqpack-0.3.18-pp39-pypy39_pp73-macosx_10_9_x86_64.whl", hash = "sha256:8ea75152e8cb8b8c7cfef11c3aa5ebe5b226bd850889f56ff70a688e9680acbf"},
    {file = "pylsqpack-0.3.18-pp39-pypy39_pp73-manylinux_2_17_aarch64.manylinux2014_aarch64.whl", hash = "sha256:3c4cccfd91afd589994f844fd1dbae0acdb58a8ab929d8edeadb25339deb6590"},
    {file = "pylsqpack-0.3.18-pp39-pypy39_pp73-manylinux_2_17_x86_64.manylinux2014_x86_64.whl", hash = "sha256:06e1bbe47514b83cd03158e5558ef8cc44f578169c1820098be9f3cc4137f16a"},
    {file = "pylsqpack-0.3.18-pp39-pypy39_pp73-manylinux_2_5_i686.manylinux1_i686.manylinux_2_17_i686.manylinux2014_i686.whl", hash = "sha256:e1054b0b44f6141a99e84a9aa6a27c9df028e9223747b893e8e37cdc95b602f1"},
    {file = "pylsqpack-0.3.18-pp39-pypy39_pp73-win_amd64.whl", hash = "sha256:711f3aa645f72a928e22606c1f026cde905de23efc07028fe1bc7429f73ec8ee"},
    {file = "pylsqpack-0.3.18.tar.gz", hash = "sha256:45ae55e721877505f4d5ccd49591d69353f2a548a8673dfafb251d385b3c097f"},
]

[[package]]
name = "pyopenssl"
version = "24.2.1"
description = "Python wrapper module around the OpenSSL library"
optional = false
python-versions = ">=3.7"
files = [
    {file = "pyOpenSSL-24.2.1-py3-none-any.whl", hash = "sha256:967d5719b12b243588573f39b0c677637145c7a1ffedcd495a487e58177fbb8d"},
    {file = "pyopenssl-24.2.1.tar.gz", hash = "sha256:4247f0dbe3748d560dcbb2ff3ea01af0f9a1a001ef5f7c4c647956ed8cbf0e95"},
]

[package.dependencies]
cryptography = ">=41.0.5,<44"

[package.extras]
docs = ["sphinx (!=5.2.0,!=5.2.0.post0,!=7.2.5)", "sphinx-rtd-theme"]
test = ["pretend", "pytest (>=3.0.1)", "pytest-rerunfailures"]

[[package]]
name = "pytest"
version = "8.3.2"
description = "pytest: simple powerful testing with Python"
optional = false
python-versions = ">=3.8"
files = [
    {file = "pytest-8.3.2-py3-none-any.whl", hash = "sha256:4ba08f9ae7dcf84ded419494d229b48d0903ea6407b030eaec46df5e6a73bba5"},
    {file = "pytest-8.3.2.tar.gz", hash = "sha256:c132345d12ce551242c87269de812483f5bcc87cdbb4722e48487ba194f9fdce"},
]

[package.dependencies]
colorama = {version = "*", markers = "sys_platform == \"win32\""}
exceptiongroup = {version = ">=1.0.0rc8", markers = "python_version < \"3.11\""}
iniconfig = "*"
packaging = "*"
pluggy = ">=1.5,<2"
tomli = {version = ">=1", markers = "python_version < \"3.11\""}

[package.extras]
dev = ["argcomplete", "attrs (>=19.2)", "hypothesis (>=3.56)", "mock", "pygments (>=2.7.2)", "requests", "setuptools", "xmlschema"]

[[package]]
name = "service-identity"
version = "24.1.0"
description = "Service identity verification for pyOpenSSL & cryptography."
optional = false
python-versions = ">=3.8"
files = [
    {file = "service_identity-24.1.0-py3-none-any.whl", hash = "sha256:a28caf8130c8a5c1c7a6f5293faaf239bbfb7751e4862436920ee6f2616f568a"},
    {file = "service_identity-24.1.0.tar.gz", hash = "sha256:6829c9d62fb832c2e1c435629b0a8c476e1929881f28bee4d20bc24161009221"},
]

[package.dependencies]
attrs = ">=19.1.0"
cryptography = "*"
pyasn1 = "*"
pyasn1-modules = "*"

[package.extras]
dev = ["pyopenssl", "service-identity[idna,mypy,tests]"]
docs = ["furo", "myst-parser", "pyopenssl", "sphinx", "sphinx-notfound-page"]
idna = ["idna"]
mypy = ["idna", "mypy", "types-pyopenssl"]
tests = ["coverage[toml] (>=5.0.2)", "pytest"]

[[package]]
name = "tomli"
version = "2.0.1"
description = "A lil' TOML parser"
optional = false
python-versions = ">=3.7"
files = [
    {file = "tomli-2.0.1-py3-none-any.whl", hash = "sha256:939de3e7a6161af0c887ef91b7d41a53e7c5a1ca976325f429cb46ea9bc30ecc"},
    {file = "tomli-2.0.1.tar.gz", hash = "sha256:de526c12914f0c550d15924c62d72abc48d6fe7364aa87328337a31007fe8a4f"},
]

[metadata]
lock-version = "2.0"
python-versions = "^3.10"
content-hash = "86ebf3d182bb081c2c5405664dd57db8f36ed9e6eb26abc1be63f22ad225798e"
